
Microsoft Visual Studio Solution File, Format Version 12.00
# Visual Studio Version 17
VisualStudioVersion = 17.14.36127.28 d17.14
MinimumVisualStudioVersion = 10.0.40219.1
Project("{FAE04EC0-301F-11D3-BF4B-00C04F79EFBC}") = "UtilLib", "UtilLib.csproj", "{BF4D978E-9BB7-4CD0-BC06-E1764F01E3F7}"
EndProject
Project("{FAE04EC0-301F-11D3-BF4B-00C04F79EFBC}") = "UtilLib.Tests", "..\UtilLib.Tests\UtilLib.Tests.csproj", "{71495689-71F8-49A5-B257-E682D51C86EC}"
EndProject
Global
	GlobalSection(SolutionConfigurationPlatforms) = preSolution
		Debug|Any CPU = Debug|Any CPU
		Release|Any CPU = Release|Any CPU
	EndGlobalSection
	GlobalSection(ProjectConfigurationPlatforms) = postSolution
		{BF4D978E-9BB7-4CD0-BC06-E1764F01E3F7}.Debug|Any CPU.ActiveCfg = Debug|Any CPU
		{BF4D978E-9BB7-4CD0-BC06-E1764F01E3F7}.Debug|Any CPU.Build.0 = Debug|Any CPU
		{BF4D978E-9BB7-4CD0-BC06-E1764F01E3F7}.Release|Any CPU.ActiveCfg = Release|Any CPU
		{BF4D978E-9BB7-4CD0-BC06-E1764F01E3F7}.Release|Any CPU.Build.0 = Release|Any CPU
		{71495689-71F8-49A5-B257-E682D51C86EC}.Debug|Any CPU.ActiveCfg = Debug|Any CPU
		{71495689-71F8-49A5-B257-E682D51C86EC}.Debug|Any CPU.Build.0 = Debug|Any CPU
		{71495689-71F8-49A5-B257-E682D51C86EC}.Release|Any CPU.ActiveCfg = Release|Any CPU
		{71495689-71F8-49A5-B257-E682D51C86EC}.Release|Any CPU.Build.0 = Release|Any CPU
	EndGlobalSection
	GlobalSection(SolutionProperties) = preSolution
		HideSolutionNode = FALSE
	EndGlobalSection
	GlobalSection(ExtensibilityGlobals) = postSolution
		SolutionGuid = {90854A17-ECC6-4D9C-BEAF-3340485AFEB2}
	EndGlobalSection
EndGlobal
