
Microsoft Visual Studio Solution File, Format Version 12.00
# Visual Studio Version 17
VisualStudioVersion = 17.14.36127.28 d17.14
MinimumVisualStudioVersion = 10.0.40219.1
Project("{FAE04EC0-301F-11D3-BF4B-00C04F79EFBC}") = "JwtAuthWebAPI", "JwtAuthWebAPI.csproj", "{106B4BEE-95B5-41E9-B1FC-DDF026CDB97B}"
EndProject
Global
	GlobalSection(SolutionConfigurationPlatforms) = preSolution
		Debug|Any CPU = Debug|Any CPU
		Release|Any CPU = Release|Any CPU
	EndGlobalSection
	GlobalSection(ProjectConfigurationPlatforms) = postSolution
		{106B4BEE-95B5-41E9-B1FC-DDF026CDB97B}.Debug|Any CPU.ActiveCfg = Debug|Any CPU
		{106B4BEE-95B5-41E9-B1FC-DDF026CDB97B}.Debug|Any CPU.Build.0 = Debug|Any CPU
		{106B4BEE-95B5-41E9-B1FC-DDF026CDB97B}.Release|Any CPU.ActiveCfg = Release|Any CPU
		{106B4BEE-95B5-41E9-B1FC-DDF026CDB97B}.Release|Any CPU.Build.0 = Release|Any CPU
	EndGlobalSection
	GlobalSection(SolutionProperties) = preSolution
		HideSolutionNode = FALSE
	EndGlobalSection
	GlobalSection(ExtensibilityGlobals) = postSolution
		SolutionGuid = {9F272EA5-0EF3-4BA5-A8E3-041223FF886D}
	EndGlobalSection
EndGlobal
